
Microsoft Visual Studio Solution File, Format Version 12.00
# Visual Studio Version 17
VisualStudioVersion = 17.7.34031.279
MinimumVisualStudioVersion = 10.0.40219.1
Project("{9A19103F-16F7-4668-BE54-9A1E7A4F7556}") = "BulkyWeb", "BulkyWeb\BulkyWeb.csproj", "{1F171908-5F09-4392-9877-0E76721990CF}"
EndProject
Project("{9A19103F-16F7-4668-BE54-9A1E7A4F7556}") = "Bulky.DataAccess", "Bulky.DataAccess\Bulky.DataAccess.csproj", "{79CCC51B-C22E-4F65-96DD-795694D96660}"
	ProjectSection(ProjectDependencies) = postProject
		{18C7ED20-863E-4D3B-BDBB-9662A7F649E3} = {18C7ED20-863E-4D3B-BDBB-9662A7F649E3}
	EndProjectSection
EndProject
Project("{9A19103F-16F7-4668-BE54-9A1E7A4F7556}") = "Bulky.Models", "Bulky.Models\Bulky.Models.csproj", "{18C7ED20-863E-4D3B-BDBB-9662A7F649E3}"
EndProject
Project("{9A19103F-16F7-4668-BE54-9A1E7A4F7556}") = "Bulky.Utility", "Bulky.Utility\Bulky.Utility.csproj", "{0878EC0A-9DE2-4BC6-BA3E-D7D0D222C68A}"
EndProject
Global
	GlobalSection(SolutionConfigurationPlatforms) = preSolution
		Debug|Any CPU = Debug|Any CPU
		Release|Any CPU = Release|Any CPU
	EndGlobalSection
	GlobalSection(ProjectConfigurationPlatforms) = postSolution
		{1F171908-5F09-4392-9877-0E76721990CF}.Debug|Any CPU.ActiveCfg = Debug|Any CPU
		{1F171908-5F09-4392-9877-0E76721990CF}.Debug|Any CPU.Build.0 = Debug|Any CPU
		{1F171908-5F09-4392-9877-0E76721990CF}.Release|Any CPU.ActiveCfg = Release|Any CPU
		{1F171908-5F09-4392-9877-0E76721990CF}.Release|Any CPU.Build.0 = Release|Any CPU
		{79CCC51B-C22E-4F65-96DD-795694D96660}.Debug|Any CPU.ActiveCfg = Debug|Any CPU
		{79CCC51B-C22E-4F65-96DD-795694D96660}.Debug|Any CPU.Build.0 = Debug|Any CPU
		{79CCC51B-C22E-4F65-96DD-795694D96660}.Release|Any CPU.ActiveCfg = Release|Any CPU
		{79CCC51B-C22E-4F65-96DD-795694D96660}.Release|Any CPU.Build.0 = Release|Any CPU
		{18C7ED20-863E-4D3B-BDBB-9662A7F649E3}.Debug|Any CPU.ActiveCfg = Debug|Any CPU
		{18C7ED20-863E-4D3B-BDBB-9662A7F649E3}.Debug|Any CPU.Build.0 = Debug|Any CPU
		{18C7ED20-863E-4D3B-BDBB-9662A7F649E3}.Release|Any CPU.ActiveCfg = Release|Any CPU
		{18C7ED20-863E-4D3B-BDBB-9662A7F649E3}.Release|Any CPU.Build.0 = Release|Any CPU
		{0878EC0A-9DE2-4BC6-BA3E-D7D0D222C68A}.Debug|Any CPU.ActiveCfg = Debug|Any CPU
		{0878EC0A-9DE2-4BC6-BA3E-D7D0D222C68A}.Debug|Any CPU.Build.0 = Debug|Any CPU
		{0878EC0A-9DE2-4BC6-BA3E-D7D0D222C68A}.Release|Any CPU.ActiveCfg = Release|Any CPU
		{0878EC0A-9DE2-4BC6-BA3E-D7D0D222C68A}.Release|Any CPU.Build.0 = Release|Any CPU
	EndGlobalSection
	GlobalSection(SolutionProperties) = preSolution
		HideSolutionNode = FALSE
	EndGlobalSection
	GlobalSection(ExtensibilityGlobals) = postSolution
		SolutionGuid = {EBCC7D3F-5A0D-48A0-B6DF-D919ED56097F}
	EndGlobalSection
EndGlobal
